
Microsoft Visual Studio Solution File, Format Version 12.00
# Visual Studio Version 17
VisualStudioVersion = 17.6.33829.357
MinimumVisualStudioVersion = 10.0.40219.1
Project("{FAE04EC0-301F-11D3-BF4B-00C04F79EFBC}") = "LibraryEFRelationship", "LibraryEFRelationship\LibraryEFRelationship.csproj", "{A7DB3B87-CBCC-4C9F-9740-78A5E50AF05A}"
EndProject
Global
	GlobalSection(SolutionConfigurationPlatforms) = preSolution
		Debug|Any CPU = Debug|Any CPU
		Release|Any CPU = Release|Any CPU
	EndGlobalSection
	GlobalSection(ProjectConfigurationPlatforms) = postSolution
		{A7DB3B87-CBCC-4C9F-9740-78A5E50AF05A}.Debug|Any CPU.ActiveCfg = Debug|Any CPU
		{A7DB3B87-CBCC-4C9F-9740-78A5E50AF05A}.Debug|Any CPU.Build.0 = Debug|Any CPU
		{A7DB3B87-CBCC-4C9F-9740-78A5E50AF05A}.Release|Any CPU.ActiveCfg = Release|Any CPU
		{A7DB3B87-CBCC-4C9F-9740-78A5E50AF05A}.Release|Any CPU.Build.0 = Release|Any CPU
	EndGlobalSection
	GlobalSection(SolutionProperties) = preSolution
		HideSolutionNode = FALSE
	EndGlobalSection
	GlobalSection(ExtensibilityGlobals) = postSolution
		SolutionGuid = {C4F2C3B5-4799-45FA-BE09-F444581DAE95}
	EndGlobalSection
EndGlobal
